Microsoft Visual Studio Solution File, Format Version 12.00
# Visual Studio Version 17
VisualStudioVersion = 17.5.2.0
MinimumVisualStudioVersion = 10.0.40219.1
Project("{FAE04EC0-301F-11D3-BF4B-00C04F79EFBC}") = "SampleRag.API", "SampleRag.API\SampleRag.API.csproj", "{D25E8B34-A229-9839-19DA-D4716792971E}"
EndProject
Project("{FAE04EC0-301F-11D3-BF4B-00C04F79EFBC}") = "SampleRag.Application", "SampleRag.Application\SampleRag.Application.csproj", "{73E5732A-150A-586F-7581-D277CE746CE4}"
EndProject
Project("{FAE04EC0-301F-11D3-BF4B-00C04F79EFBC}") = "SampleRag.Di", "SampleRag.Di\SampleRag.Di.csproj", "{7C44EAD7-7596-D2EC-10A1-E4B9FBC4F4C4}"
EndProject
Project("{FAE04EC0-301F-11D3-BF4B-00C04F79EFBC}") = "SampleRag.Domain", "SampleRag.Domain\SampleRag.Domain.csproj", "{841E2EFC-33A9-78D7-66C2-E890A704101E}"
EndProject
Project("{FAE04EC0-301F-11D3-BF4B-00C04F79EFBC}") = "SampleRag.Infrastructure", "SampleRag.Infrastructure\SampleRag.Infrastructure.csproj", "{D8AE3E4E-6382-153E-C3B6-7F99FD93DFF3}"
EndProject
Global
	GlobalSection(SolutionConfigurationPlatforms) = preSolution
		Debug|Any CPU = Debug|Any CPU
		Release|Any CPU = Release|Any CPU
	EndGlobalSection
	GlobalSection(ProjectConfigurationPlatforms) = postSolution
		{D25E8B34-A229-9839-19DA-D4716792971E}.Debug|Any CPU.ActiveCfg = Debug|Any CPU
		{D25E8B34-A229-9839-19DA-D4716792971E}.Debug|Any CPU.Build.0 = Debug|Any CPU
		{D25E8B34-A229-9839-19DA-D4716792971E}.Release|Any CPU.ActiveCfg = Release|Any CPU
		{D25E8B34-A229-9839-19DA-D4716792971E}.Release|Any CPU.Build.0 = Release|Any CPU
		{73E5732A-150A-586F-7581-D277CE746CE4}.Debug|Any CPU.ActiveCfg = Debug|Any CPU
		{73E5732A-150A-586F-7581-D277CE746CE4}.Debug|Any CPU.Build.0 = Debug|Any CPU
		{73E5732A-150A-586F-7581-D277CE746CE4}.Release|Any CPU.ActiveCfg = Release|Any CPU
		{73E5732A-150A-586F-7581-D277CE746CE4}.Release|Any CPU.Build.0 = Release|Any CPU
		{7C44EAD7-7596-D2EC-10A1-E4B9FBC4F4C4}.Debug|Any CPU.ActiveCfg = Debug|Any CPU
		{7C44EAD7-7596-D2EC-10A1-E4B9FBC4F4C4}.Debug|Any CPU.Build.0 = Debug|Any CPU
		{7C44EAD7-7596-D2EC-10A1-E4B9FBC4F4C4}.Release|Any CPU.ActiveCfg = Release|Any CPU
		{7C44EAD7-7596-D2EC-10A1-E4B9FBC4F4C4}.Release|Any CPU.Build.0 = Release|Any CPU
		{841E2EFC-33A9-78D7-66C2-E890A704101E}.Debug|Any CPU.ActiveCfg = Debug|Any CPU
		{841E2EFC-33A9-78D7-66C2-E890A704101E}.Debug|Any CPU.Build.0 = Debug|Any CPU
		{841E2EFC-33A9-78D7-66C2-E890A704101E}.Release|Any CPU.ActiveCfg = Release|Any CPU
		{841E2EFC-33A9-78D7-66C2-E890A704101E}.Release|Any CPU.Build.0 = Release|Any CPU
		{D8AE3E4E-6382-153E-C3B6-7F99FD93DFF3}.Debug|Any CPU.ActiveCfg = Debug|Any CPU
		{D8AE3E4E-6382-153E-C3B6-7F99FD93DFF3}.Debug|Any CPU.Build.0 = Debug|Any CPU
		{D8AE3E4E-6382-153E-C3B6-7F99FD93DFF3}.Release|Any CPU.ActiveCfg = Release|Any CPU
		{D8AE3E4E-6382-153E-C3B6-7F99FD93DFF3}.Release|Any CPU.Build.0 = Release|Any CPU
	EndGlobalSection
	GlobalSection(SolutionProperties) = preSolution
		HideSolutionNode = FALSE
	EndGlobalSection
	GlobalSection(ExtensibilityGlobals) = postSolution
		SolutionGuid = {AF25BB68-78E9-432F-8663-B1A426062062}
	EndGlobalSection
EndGlobal
